
Microsoft Visual Studio Solution File, Format Version 12.00
# Visual Studio 15
VisualStudioVersion = 15.0.28307.539
MinimumVisualStudioVersion = 10.0.40219.1
Project("{FAE04EC0-301F-11D3-BF4B-00C04F79EFBC}") = "SeleniumCSharpTest", "SeleniumCSharpTest\SeleniumCSharpTest.csproj", "{3B0CAF51-9758-4E4A-960D-CD52419BA607}"
EndProject
Project("{FAE04EC0-301F-11D3-BF4B-00C04F79EFBC}") = "SeleniumWebDriverFramework", "SeleniumWebDriverFramework\SeleniumWebDriverFramework.csproj", "{92A29887-DFFE-44E5-AA81-2C9555A90755}"
EndProject
Project("{FAE04EC0-301F-11D3-BF4B-00C04F79EFBC}") = "SeleniumSpecflowTest", "SeleniumSpecflowTest\SeleniumSpecflowTest.csproj", "{80E272B9-499F-43E7-B881-D429A5B407BB}"
EndProject
Project("{FAE04EC0-301F-11D3-BF4B-00C04F79EFBC}") = "SikuliTest", "SikuliTest\SikuliTest.csproj", "{CC742943-518D-41AC-8EE5-0DC1AC0CC9D1}"
EndProject
Global
	GlobalSection(SolutionConfigurationPlatforms) = preSolution
		Debug|Any CPU = Debug|Any CPU
		Release|Any CPU = Release|Any CPU
	EndGlobalSection
	GlobalSection(ProjectConfigurationPlatforms) = postSolution
		{3B0CAF51-9758-4E4A-960D-CD52419BA607}.Debug|Any CPU.ActiveCfg = Debug|Any CPU
		{3B0CAF51-9758-4E4A-960D-CD52419BA607}.Debug|Any CPU.Build.0 = Debug|Any CPU
		{3B0CAF51-9758-4E4A-960D-CD52419BA607}.Release|Any CPU.ActiveCfg = Release|Any CPU
		{3B0CAF51-9758-4E4A-960D-CD52419BA607}.Release|Any CPU.Build.0 = Release|Any CPU
		{92A29887-DFFE-44E5-AA81-2C9555A90755}.Debug|Any CPU.ActiveCfg = Debug|Any CPU
		{92A29887-DFFE-44E5-AA81-2C9555A90755}.Debug|Any CPU.Build.0 = Debug|Any CPU
		{92A29887-DFFE-44E5-AA81-2C9555A90755}.Release|Any CPU.ActiveCfg = Release|Any CPU
		{92A29887-DFFE-44E5-AA81-2C9555A90755}.Release|Any CPU.Build.0 = Release|Any CPU
		{80E272B9-499F-43E7-B881-D429A5B407BB}.Debug|Any CPU.ActiveCfg = Debug|Any CPU
		{80E272B9-499F-43E7-B881-D429A5B407BB}.Debug|Any CPU.Build.0 = Debug|Any CPU
		{80E272B9-499F-43E7-B881-D429A5B407BB}.Release|Any CPU.ActiveCfg = Release|Any CPU
		{80E272B9-499F-43E7-B881-D429A5B407BB}.Release|Any CPU.Build.0 = Release|Any CPU
		{CC742943-518D-41AC-8EE5-0DC1AC0CC9D1}.Debug|Any CPU.ActiveCfg = Debug|Any CPU
		{CC742943-518D-41AC-8EE5-0DC1AC0CC9D1}.Debug|Any CPU.Build.0 = Debug|Any CPU
		{CC742943-518D-41AC-8EE5-0DC1AC0CC9D1}.Release|Any CPU.ActiveCfg = Release|Any CPU
		{CC742943-518D-41AC-8EE5-0DC1AC0CC9D1}.Release|Any CPU.Build.0 = Release|Any CPU
	EndGlobalSection
	GlobalSection(SolutionProperties) = preSolution
		HideSolutionNode = FALSE
	EndGlobalSection
	GlobalSection(ExtensibilityGlobals) = postSolution
		SolutionGuid = {22D1A9E0-8CD9-4E87-B793-2578CC3211E6}
	EndGlobalSection
EndGlobal
